
Microsoft Visual Studio Solution File, Format Version 12.00
# Visual Studio 15
VisualStudioVersion = 15.0.34930.48
MinimumVisualStudioVersion = 10.0.40219.1
Project("{FAE04EC0-301F-11D3-BF4B-00C04F79EFBC}") = "ADO.NET", "ADO.NET\ADO.NET.csproj", "{E650F651-E0E7-4FFD-9AC1-E109E0187A64}"
EndProject
Global
	GlobalSection(SolutionConfigurationPlatforms) = preSolution
		Debug|Any CPU = Debug|Any CPU
		Release|Any CPU = Release|Any CPU
	EndGlobalSection
	GlobalSection(ProjectConfigurationPlatforms) = postSolution
		{E650F651-E0E7-4FFD-9AC1-E109E0187A64}.Debug|Any CPU.ActiveCfg = Debug|Any CPU
		{E650F651-E0E7-4FFD-9AC1-E109E0187A64}.Debug|Any CPU.Build.0 = Debug|Any CPU
		{E650F651-E0E7-4FFD-9AC1-E109E0187A64}.Release|Any CPU.ActiveCfg = Release|Any CPU
		{E650F651-E0E7-4FFD-9AC1-E109E0187A64}.Release|Any CPU.Build.0 = Release|Any CPU
	EndGlobalSection
	GlobalSection(SolutionProperties) = preSolution
		HideSolutionNode = FALSE
	EndGlobalSection
	GlobalSection(ExtensibilityGlobals) = postSolution
		SolutionGuid = {A1B27685-0A1A-4CC3-8DFF-1EAAE5E3E219}
	EndGlobalSection
EndGlobal
